<?xml version="1.0" encoding="utf-8"?>
<Project ToolsVersion="4.0" xmlns="http://schemas.microsoft.com/developer/msbuild/2003">
  <ItemGroup>
    <Filter Include="Quelldateien">
      <UniqueIdentifier>{4FC737F1-C7A5-4376-A066-2A32D752A2FF}</UniqueIdentifier>
      <Extensions>cpp;c;cc;cxx;def;odl;idl;hpj;bat;asm;asmx</Extensions>
    </Filter>
    <Filter Include="Headerdateien">
      <UniqueIdentifier>{93995380-89BD-4b04-88EB-625FBE52EBFB}</UniqueIdentifier>
      <Extensions>h;hh;hpp;hxx;hm;inl;inc;ipp;xsd</Extensions>
    </Filter>
    <Filter Include="Ressourcendateien">
      <UniqueIdentifier>{67DA6AB6-F800-4c08-8B7A-83BB121AAD01}</UniqueIdentifier>
      <Extensions>rc;ico;cur;bmp;dlg;rc2;rct;bin;rgs;gif;jpg;jpeg;jpe;resx;tiff;tif;png;wav;mfcribbon-ms</Extensions>
    </Filter>
    <Filter Include="Headerdateien\detours">
      <UniqueIdentifier>{e86103f3-7cb2-42d2-afe5-521b49f4b245}</UniqueIdentifier>
    </Filter>
    <Filter Include="Headerdateien\ImGUI">
      <UniqueIdentifier>{097b8ff1-cc4b-4d96-be6c-9e25a610b1e1}</UniqueIdentifier>
    </Filter>
    <Filter Include="Quelldateien\ImGUI">
      <UniqueIdentifier>{c889bdad-128b-4f3c-899b-54870a9321f2}</UniqueIdentifier>
    </Filter>
  </ItemGroup>
  <ItemGroup>
    <ClInclude Include="framework.h">
      <Filter>Headerdateien</Filter>
    </ClInclude>
    <ClInclude Include="detours.h">
      <Filter>Headerdateien\detours</Filter>
    </ClInclude>
    <ClInclude Include="imconfig.h">
      <Filter>Headerdateien\ImGUI</Filter>
    </ClInclude>
    <ClInclude Include="imgui.h">
      <Filter>Headerdateien\ImGUI</Filter>
    </ClInclude>
    <ClInclude Include="imgui_impl_dx11.h">
      <Filter>Headerdateien\ImGUI</Filter>
    </ClInclude>
    <ClInclude Include="imgui_impl_win32.h">
      <Filter>Headerdateien\ImGUI</Filter>
    </ClInclude>
    <ClInclude Include="imgui_internal.h">
      <Filter>Headerdateien\ImGUI</Filter>
    </ClInclude>
    <ClInclude Include="imstb_rectpack.h">
      <Filter>Headerdateien\ImGUI</Filter>
    </ClInclude>
    <ClInclude Include="imstb_textedit.h">
      <Filter>Headerdateien\ImGUI</Filter>
    </ClInclude>
    <ClInclude Include="imstb_truetype.h">
      <Filter>Headerdateien\ImGUI</Filter>
    </ClInclude>
    <ClInclude Include="Detour.h">
      <Filter>Headerdateien</Filter>
    </ClInclude>
    <ClInclude Include="geom.h">
      <Filter>Headerdateien</Filter>
    </ClInclude>
    <ClInclude Include="Scan.h">
      <Filter>Headerdateien</Filter>
    </ClInclude>
    <ClInclude Include="common.h">
      <Filter>Headerdateien</Filter>
    </ClInclude>
    <ClInclude Include="MemoryInt.h">
      <Filter>Headerdateien</Filter>
    </ClInclude>
    <ClInclude Include="Draw.h">
      <Filter>Headerdateien\ImGUI</Filter>
    </ClInclude>
  </ItemGroup>
  <ItemGroup>
    <ClCompile Include="dllmain.cpp">
      <Filter>Quelldateien</Filter>
    </ClCompile>
    <ClCompile Include="imgui.cpp">
      <Filter>Quelldateien\ImGUI</Filter>
    </ClCompile>
    <ClCompile Include="imgui_demo.cpp">
      <Filter>Quelldateien\ImGUI</Filter>
    </ClCompile>
    <ClCompile Include="imgui_draw.cpp">
      <Filter>Quelldateien\ImGUI</Filter>
    </ClCompile>
    <ClCompile Include="imgui_impl_dx11.cpp">
      <Filter>Quelldateien\ImGUI</Filter>
    </ClCompile>
    <ClCompile Include="imgui_impl_win32.cpp">
      <Filter>Quelldateien\ImGUI</Filter>
    </ClCompile>
    <ClCompile Include="imgui_widgets.cpp">
      <Filter>Quelldateien\ImGUI</Filter>
    </ClCompile>
    <ClCompile Include="Detour.cpp">
      <Filter>Quelldateien</Filter>
    </ClCompile>
    <ClCompile Include="geom.cpp">
      <Filter>Quelldateien</Filter>
    </ClCompile>
    <ClCompile Include="Scan.cpp">
      <Filter>Quelldateien</Filter>
    </ClCompile>
    <ClCompile Include="MemoryInt.cpp">
      <Filter>Quelldateien</Filter>
    </ClCompile>
    <ClCompile Include="Offset.h">
      <Filter>Headerdateien</Filter>
    </ClCompile>
  </ItemGroup>
  <ItemGroup>
    <Text Include="Readme.txt">
      <Filter>Quelldateien</Filter>
    </Text>
  </ItemGroup>
</Project>